// !$*UTF8*$!
{
	archiveVersion = 1;
	classes = {
	};
	objectVersion = 46;
	objects = {

/* Begin PBXBuildFile section */
		1E1852230B04F4EBAB80207F /* Pods_dangkykhambenh.framework in Frameworks */ = {isa = PBXBuildFile; fileRef = D992E4920AFA69BB0114D1CD /* Pods_dangkykhambenh.framework */; };
		39A884281D9588D3006E5BCC /* AppDelegate.swift in Sources */ = {isa = PBXBuildFile; fileRef = 39A884271D9588D3006E5BCC /* AppDelegate.swift */; };
		39A8842A1D9588D3006E5BCC /* ViewController.swift in Sources */ = {isa = PBXBuildFile; fileRef = 39A884291D9588D3006E5BCC /* ViewController.swift */; };
		39A8842D1D9588D3006E5BCC /* Main.storyboard in Resources */ = {isa = PBXBuildFile; fileRef = 39A8842B1D9588D3006E5BCC /* Main.storyboard */; };
		39A884301D9588D3006E5BCC /* dangkykhambenh.xcdatamodeld in Sources */ = {isa = PBXBuildFile; fileRef = 39A8842E1D9588D3006E5BCC /* dangkykhambenh.xcdatamodeld */; };
		39A884321D9588D3006E5BCC /* Assets.xcassets in Resources */ = {isa = PBXBuildFile; fileRef = 39A884311D9588D3006E5BCC /* Assets.xcassets */; };
		39A884351D9588D3006E5BCC /* LaunchScreen.storyboard in Resources */ = {isa = PBXBuildFile; fileRef = 39A884331D9588D3006E5BCC /* LaunchScreen.storyboard */; };
		39A884401D9588D4006E5BCC /* dangkykhambenhTests.swift in Sources */ = {isa = PBXBuildFile; fileRef = 39A8843F1D9588D4006E5BCC /* dangkykhambenhTests.swift */; };
		39A8844B1D9588D4006E5BCC /* dangkykhambenhUITests.swift in Sources */ = {isa = PBXBuildFile; fileRef = 39A8844A1D9588D4006E5BCC /* dangkykhambenhUITests.swift */; };
		39E67E521DA87E8F009A692B /* UserInfo.swift in Sources */ = {isa = PBXBuildFile; fileRef = 39E67E511DA87E8F009A692B /* UserInfo.swift */; };
		39ED60DD1DAA3CA900164B29 /* Config.swift in Sources */ = {isa = PBXBuildFile; fileRef = 39ED60DC1DAA3CA900164B29 /* Config.swift */; };
		39ED60DF1DAA3F3400164B29 /* Config.plist in Resources */ = {isa = PBXBuildFile; fileRef = 39ED60DE1DAA3F3400164B29 /* Config.plist */; };
		39FCBE841DB3DC3D0009F92A /* TableController.swift in Sources */ = {isa = PBXBuildFile; fileRef = 39FCBE831DB3DC3D0009F92A /* TableController.swift */; };
/* End PBXBuildFile section */

/* Begin PBXContainerItemProxy section */
		39A8843C1D9588D4006E5BCC /* PBXContainerItemProxy */ = {
			isa = PBXContainerItemProxy;
			containerPortal = 39A8841C1D9588D3006E5BCC /* Project object */;
			proxyType = 1;
			remoteGlobalIDString = 39A884231D9588D3006E5BCC;
			remoteInfo = dangkykhambenh;
		};
		39A884471D9588D4006E5BCC /* PBXContainerItemProxy */ = {
			isa = PBXContainerItemProxy;
			containerPortal = 39A8841C1D9588D3006E5BCC /* Project object */;
			proxyType = 1;
			remoteGlobalIDString = 39A884231D9588D3006E5BCC;
			remoteInfo = dangkykhambenh;
		};
/* End PBXContainerItemProxy section */

/* Begin PBXFileReference section */
		3991BF821DA4AD7F00D4484C /* dangkykhambenh.entitlements */ = {isa = PBXFileReference; lastKnownFileType = text.plist.entitlements; path = dangkykhambenh.entitlements; sourceTree = "<group>"; };
		39A884241D9588D3006E5BCC /* dangkykhambenh.app */ = {isa = PBXFileReference; explicitFileType = wrapper.application; includeInIndex = 0; path = dangkykhambenh.app; sourceTree = BUILT_PRODUCTS_DIR; };
		39A884271D9588D3006E5BCC /* AppDelegate.swift */ = {isa = PBXFileReference; lastKnownFileType = sourcecode.swift; path = AppDelegate.swift; sourceTree = "<group>"; };
		39A884291D9588D3006E5BCC /* ViewController.swift */ = {isa = PBXFileReference; lastKnownFileType = sourcecode.swift; path = ViewController.swift; sourceTree = "<group>"; };
		39A8842C1D9588D3006E5BCC /* Base */ = {isa = PBXFileReference; lastKnownFileType = file.storyboard; name = Base; path = Base.lproj/Main.storyboard; sourceTree = "<group>"; };
		39A8842F1D9588D3006E5BCC /* dangkykhambenh.xcdatamodel */ = {isa = PBXFileReference; lastKnownFileType = wrapper.xcdatamodel; path = dangkykhambenh.xcdatamodel; sourceTree = "<group>"; };
		39A884311D9588D3006E5BCC /* Assets.xcassets */ = {isa = PBXFileReference; lastKnownFileType = folder.assetcatalog; path = Assets.xcassets; sourceTree = "<group>"; };
		39A884341D9588D3006E5BCC /* Base */ = {isa = PBXFileReference; lastKnownFileType = file.storyboard; name = Base; path = Base.lproj/LaunchScreen.storyboard; sourceTree = "<group>"; };
		39A884361D9588D3006E5BCC /* Info.plist */ = {isa = PBXFileReference; lastKnownFileType = text.plist.xml; path = Info.plist; sourceTree = "<group>"; };
		39A8843B1D9588D4006E5BCC /* dangkykhambenhTests.xctest */ = {isa = PBXFileReference; explicitFileType = wrapper.cfbundle; includeInIndex = 0; path = dangkykhambenhTests.xctest; sourceTree = BUILT_PRODUCTS_DIR; };
		39A8843F1D9588D4006E5BCC /* dangkykhambenhTests.swift */ = {isa = PBXFileReference; lastKnownFileType = sourcecode.swift; path = dangkykhambenhTests.swift; sourceTree = "<group>"; };
		39A884411D9588D4006E5BCC /* Info.plist */ = {isa = PBXFileReference; lastKnownFileType = text.plist.xml; path = Info.plist; sourceTree = "<group>"; };
		39A884461D9588D4006E5BCC /* dangkykhambenhUITests.xctest */ = {isa = PBXFileReference; explicitFileType = wrapper.cfbundle; includeInIndex = 0; path = dangkykhambenhUITests.xctest; sourceTree = BUILT_PRODUCTS_DIR; };
		39A8844A1D9588D4006E5BCC /* dangkykhambenhUITests.swift */ = {isa = PBXFileReference; lastKnownFileType = sourcecode.swift; path = dangkykhambenhUITests.swift; sourceTree = "<group>"; };
		39A8844C1D9588D4006E5BCC /* Info.plist */ = {isa = PBXFileReference; lastKnownFileType = text.plist.xml; path = Info.plist; sourceTree = "<group>"; };
		39E67E511DA87E8F009A692B /* UserInfo.swift */ = {isa = PBXFileReference; fileEncoding = 4; lastKnownFileType = sourcecode.swift; path = UserInfo.swift; sourceTree = "<group>"; };
		39ED60DC1DAA3CA900164B29 /* Config.swift */ = {isa = PBXFileReference; fileEncoding = 4; lastKnownFileType = sourcecode.swift; path = Config.swift; sourceTree = "<group>"; };
		39ED60DE1DAA3F3400164B29 /* Config.plist */ = {isa = PBXFileReference; fileEncoding = 4; lastKnownFileType = text.plist.xml; name = Config.plist; path = ../Config.plist; sourceTree = "<group>"; };
		39FCBE831DB3DC3D0009F92A /* TableController.swift */ = {isa = PBXFileReference; fileEncoding = 4; lastKnownFileType = sourcecode.swift; path = TableController.swift; sourceTree = "<group>"; };
		ADBC2F1089A8E1838A43548F /* Pods-dangkykhambenh.debug.xcconfig */ = {isa = PBXFileReference; includeInIndex = 1; lastKnownFileType = text.xcconfig; name = "Pods-dangkykhambenh.debug.xcconfig"; path = "Pods/Target Support Files/Pods-dangkykhambenh/Pods-dangkykhambenh.debug.xcconfig"; sourceTree = "<group>"; };
		D9541317AD1C06597D45A506 /* Pods-dangkykhambenh.release.xcconfig */ = {isa = PBXFileReference; includeInIndex = 1; lastKnownFileType = text.xcconfig; name = "Pods-dangkykhambenh.release.xcconfig"; path = "Pods/Target Support Files/Pods-dangkykhambenh/Pods-dangkykhambenh.release.xcconfig"; sourceTree = "<group>"; };
		D992E4920AFA69BB0114D1CD /* Pods_dangkykhambenh.framework */ = {isa = PBXFileReference; explicitFileType = wrapper.framework; includeInIndex = 0; path = Pods_dangkykhambenh.framework; sourceTree = BUILT_PRODUCTS_DIR; };
/* End PBXFileReference section */

/* Begin PBXFrameworksBuildPhase section */
		39A884211D9588D3006E5BCC /* Frameworks */ = {
			isa = PBXFrameworksBuildPhase;
			buildActionMask = 2147483647;
			files = (
				1E1852230B04F4EBAB80207F /* Pods_dangkykhambenh.framework in Frameworks */,
			);
			runOnlyForDeploymentPostprocessing = 0;
		};
		39A884381D9588D4006E5BCC /* Frameworks */ = {
			isa = PBXFrameworksBuildPhase;
			buildActionMask = 2147483647;
			files = (
			);
			runOnlyForDeploymentPostprocessing = 0;
		};
		39A884431D9588D4006E5BCC /* Frameworks */ = {
			isa = PBXFrameworksBuildPhase;
			buildActionMask = 2147483647;
			files = (
			);
			runOnlyForDeploymentPostprocessing = 0;
		};
/* End PBXFrameworksBuildPhase section */

/* Begin PBXGroup section */
		39A8841B1D9588D3006E5BCC = {
			isa = PBXGroup;
			children = (
				39A884261D9588D3006E5BCC /* dangkykhambenh */,
				39A8843E1D9588D4006E5BCC /* dangkykhambenhTests */,
				39A884491D9588D4006E5BCC /* dangkykhambenhUITests */,
				39A884251D9588D3006E5BCC /* Products */,
				803B253D866706945F09C28C /* Pods */,
				59C099CF705F06BC8E67764E /* Frameworks */,
			);
			sourceTree = "<group>";
		};
		39A884251D9588D3006E5BCC /* Products */ = {
			isa = PBXGroup;
			children = (
				39A884241D9588D3006E5BCC /* dangkykhambenh.app */,
				39A8843B1D9588D4006E5BCC /* dangkykhambenhTests.xctest */,
				39A884461D9588D4006E5BCC /* dangkykhambenhUITests.xctest */,
			);
			name = Products;
			sourceTree = "<group>";
		};
		39A884261D9588D3006E5BCC /* dangkykhambenh */ = {
			isa = PBXGroup;
			children = (
				39ED60DE1DAA3F3400164B29 /* Config.plist */,
				3991BF821DA4AD7F00D4484C /* dangkykhambenh.entitlements */,
				39A884271D9588D3006E5BCC /* AppDelegate.swift */,
				39A884291D9588D3006E5BCC /* ViewController.swift */,
				39ED60DC1DAA3CA900164B29 /* Config.swift */,
				39A8842B1D9588D3006E5BCC /* Main.storyboard */,
				39FCBE831DB3DC3D0009F92A /* TableController.swift */,
				39A884311D9588D3006E5BCC /* Assets.xcassets */,
				39A884331D9588D3006E5BCC /* LaunchScreen.storyboard */,
				39A884361D9588D3006E5BCC /* Info.plist */,
				39A8842E1D9588D3006E5BCC /* dangkykhambenh.xcdatamodeld */,
				39E67E511DA87E8F009A692B /* UserInfo.swift */,
			);
			path = dangkykhambenh;
			sourceTree = "<group>";
		};
		39A8843E1D9588D4006E5BCC /* dangkykhambenhTests */ = {
			isa = PBXGroup;
			children = (
				39A8843F1D9588D4006E5BCC /* dangkykhambenhTests.swift */,
				39A884411D9588D4006E5BCC /* Info.plist */,
			);
			path = dangkykhambenhTests;
			sourceTree = "<group>";
		};
		39A884491D9588D4006E5BCC /* dangkykhambenhUITests */ = {
			isa = PBXGroup;
			children = (
				39A8844A1D9588D4006E5BCC /* dangkykhambenhUITests.swift */,
				39A8844C1D9588D4006E5BCC /* Info.plist */,
			);
			path = dangkykhambenhUITests;
			sourceTree = "<group>";
		};
		59C099CF705F06BC8E67764E /* Frameworks */ = {
			isa = PBXGroup;
			children = (
				D992E4920AFA69BB0114D1CD /* Pods_dangkykhambenh.framework */,
			);
			name = Frameworks;
			sourceTree = "<group>";
		};
		803B253D866706945F09C28C /* Pods */ = {
			isa = PBXGroup;
			children = (
				ADBC2F1089A8E1838A43548F /* Pods-dangkykhambenh.debug.xcconfig */,
				D9541317AD1C06597D45A506 /* Pods-dangkykhambenh.release.xcconfig */,
			);
			name = Pods;
			sourceTree = "<group>";
		};
/* End PBXGroup section */

/* Begin PBXNativeTarget section */
		39A884231D9588D3006E5BCC /* dangkykhambenh */ = {
			isa = PBXNativeTarget;
			buildConfigurationList = 39A8844F1D9588D4006E5BCC /* Build configuration list for PBXNativeTarget "dangkykhambenh" */;
			buildPhases = (
				15973D1BDD5C48EB5D844294 /* [CP] Check Pods Manifest.lock */,
				39A884201D9588D3006E5BCC /* Sources */,
				39A884211D9588D3006E5BCC /* Frameworks */,
				39A884221D9588D3006E5BCC /* Resources */,
				9BB6518D056424EB9F886C9E /* [CP] Embed Pods Frameworks */,
				C0B29DDA8FEE93D194984B32 /* [CP] Copy Pods Resources */,
			);
			buildRules = (
			);
			dependencies = (
			);
			name = dangkykhambenh;
			productName = dangkykhambenh;
			productReference = 39A884241D9588D3006E5BCC /* dangkykhambenh.app */;
			productType = "com.apple.product-type.application";
		};
		39A8843A1D9588D4006E5BCC /* dangkykhambenhTests */ = {
			isa = PBXNativeTarget;
			buildConfigurationList = 39A884521D9588D4006E5BCC /* Build configuration list for PBXNativeTarget "dangkykhambenhTests" */;
			buildPhases = (
				39A884371D9588D4006E5BCC /* Sources */,
				39A884381D9588D4006E5BCC /* Frameworks */,
				39A884391D9588D4006E5BCC /* Resources */,
			);
			buildRules = (
			);
			dependencies = (
				39A8843D1D9588D4006E5BCC /* PBXTargetDependency */,
			);
			name = dangkykhambenhTests;
			productName = dangkykhambenhTests;
			productReference = 39A8843B1D9588D4006E5BCC /* dangkykhambenhTests.xctest */;
			productType = "com.apple.product-type.bundle.unit-test";
		};
		39A884451D9588D4006E5BCC /* dangkykhambenhUITests */ = {
			isa = PBXNativeTarget;
			buildConfigurationList = 39A884551D9588D4006E5BCC /* Build configuration list for PBXNativeTarget "dangkykhambenhUITests" */;
			buildPhases = (
				39A884421D9588D4006E5BCC /* Sources */,
				39A884431D9588D4006E5BCC /* Frameworks */,
				39A884441D9588D4006E5BCC /* Resources */,
			);
			buildRules = (
			);
			dependencies = (
				39A884481D9588D4006E5BCC /* PBXTargetDependency */,
			);
			name = dangkykhambenhUITests;
			productName = dangkykhambenhUITests;
			productReference = 39A884461D9588D4006E5BCC /* dangkykhambenhUITests.xctest */;
			productType = "com.apple.product-type.bundle.ui-testing";
		};
/* End PBXNativeTarget section */

/* Begin PBXProject section */
		39A8841C1D9588D3006E5BCC /* Project object */ = {
			isa = PBXProject;
			attributes = {
				LastSwiftUpdateCheck = 0800;
				LastUpgradeCheck = 0800;
				ORGANIZATIONNAME = "Tam Dang";
				TargetAttributes = {
					39A884231D9588D3006E5BCC = {
						CreatedOnToolsVersion = 8.0;
						DevelopmentTeam = 476S9FM8QG;
						LastSwiftMigration = 0800;
						ProvisioningStyle = Automatic;
						SystemCapabilities = {
							com.apple.Keychain = {
								enabled = 1;
							};
						};
					};
					39A8843A1D9588D4006E5BCC = {
						CreatedOnToolsVersion = 8.0;
						DevelopmentTeam = 476S9FM8QG;
						ProvisioningStyle = Automatic;
						TestTargetID = 39A884231D9588D3006E5BCC;
					};
					39A884451D9588D4006E5BCC = {
						CreatedOnToolsVersion = 8.0;
						DevelopmentTeam = 476S9FM8QG;
						ProvisioningStyle = Automatic;
						TestTargetID = 39A884231D9588D3006E5BCC;
					};
				};
			};
			buildConfigurationList = 39A8841F1D9588D3006E5BCC /* Build configuration list for PBXProject "dangkykhambenh" */;
			compatibilityVersion = "Xcode 3.2";
			developmentRegion = English;
			hasScannedForEncodings = 0;
			knownRegions = (
				en,
				Base,
			);
			mainGroup = 39A8841B1D9588D3006E5BCC;
			productRefGroup = 39A884251D9588D3006E5BCC /* Products */;
			projectDirPath = "";
			projectRoot = "";
			targets = (
				39A884231D9588D3006E5BCC /* dangkykhambenh */,
				39A8843A1D9588D4006E5BCC /* dangkykhambenhTests */,
				39A884451D9588D4006E5BCC /* dangkykhambenhUITests */,
			);
		};
/* End PBXProject section */

/* Begin PBXResourcesBuildPhase section */
		39A884221D9588D3006E5BCC /* Resources */ = {
			isa = PBXResourcesBuildPhase;
			buildActionMask = 2147483647;
			files = (
				39ED60DF1DAA3F3400164B29 /* Config.plist in Resources */,
				39A884351D9588D3006E5BCC /* LaunchScreen.storyboard in Resources */,
				39A884321D9588D3006E5BCC /* Assets.xcassets in Resources */,
				39A8842D1D9588D3006E5BCC /* Main.storyboard in Resources */,
			);
			runOnlyForDeploymentPostprocessing = 0;
		};
		39A884391D9588D4006E5BCC /* Resources */ = {
			isa = PBXResourcesBuildPhase;
			buildActionMask = 2147483647;
			files = (
			);
			runOnlyForDeploymentPostprocessing = 0;
		};
		39A884441D9588D4006E5BCC /* Resources */ = {
			isa = PBXResourcesBuildPhase;
			buildActionMask = 2147483647;
			files = (
			);
			runOnlyForDeploymentPostprocessing = 0;
		};
/* End PBXResourcesBuildPhase section */

/* Begin PBXShellScriptBuildPhase section */
		15973D1BDD5C48EB5D844294 /* [CP] Check Pods Manifest.lock */ = {
			isa = PBXShellScriptBuildPhase;
			buildActionMask = 2147483647;
			files = (
			);
			inputPaths = (
			);
			name = "[CP] Check Pods Manifest.lock";
			outputPaths = (
			);
			runOnlyForDeploymentPostprocessing = 0;
			shellPath = /bin/sh;
			shellScript = "diff \"${PODS_ROOT}/../Podfile.lock\" \"${PODS_ROOT}/Manifest.lock\" > /dev/null\nif [ $? != 0 ] ; then\n    # print error to STDERR\n    echo \"error: The sandbox is not in sync with the Podfile.lock. Run 'pod install' or update your CocoaPods installation.\" >&2\n    exit 1\nfi\n";
			showEnvVarsInLog = 0;
		};
		9BB6518D056424EB9F886C9E /* [CP] Embed Pods Frameworks */ = {
			isa = PBXShellScriptBuildPhase;
			buildActionMask = 2147483647;
			files = (
			);
			inputPaths = (
			);
			name = "[CP] Embed Pods Frameworks";
			outputPaths = (
			);
			runOnlyForDeploymentPostprocessing = 0;
			shellPath = /bin/sh;
			shellScript = "\"${SRCROOT}/Pods/Target Support Files/Pods-dangkykhambenh/Pods-dangkykhambenh-frameworks.sh\"\n";
			showEnvVarsInLog = 0;
		};
		C0B29DDA8FEE93D194984B32 /* [CP] Copy Pods Resources */ = {
			isa = PBXShellScriptBuildPhase;
			buildActionMask = 2147483647;
			files = (
			);
			inputPaths = (
			);
			name = "[CP] Copy Pods Resources";
			outputPaths = (
			);
			runOnlyForDeploymentPostprocessing = 0;
			shellPath = /bin/sh;
			shellScript = "\"${SRCROOT}/Pods/Target Support Files/Pods-dangkykhambenh/Pods-dangkykhambenh-resources.sh\"\n";
			showEnvVarsInLog = 0;
		};
/* End PBXShellScriptBuildPhase section */

/* Begin PBXSourcesBuildPhase section */
		39A884201D9588D3006E5BCC /* Sources */ = {
			isa = PBXSourcesBuildPhase;
			buildActionMask = 2147483647;
			files = (
				39FCBE841DB3DC3D0009F92A /* TableController.swift in Sources */,
				39E67E521DA87E8F009A692B /* UserInfo.swift in Sources */,
				39A8842A1D9588D3006E5BCC /* ViewController.swift in Sources */,
				39ED60DD1DAA3CA900164B29 /* Config.swift in Sources */,
				39A884301D9588D3006E5BCC /* dangkykhambenh.xcdatamodeld in Sources */,
				39A884281D9588D3006E5BCC /* AppDelegate.swift in Sources */,
			);
			runOnlyForDeploymentPostprocessing = 0;
		};
		39A884371D9588D4006E5BCC /* Sources */ = {
			isa = PBXSourcesBuildPhase;
			buildActionMask = 2147483647;
			files = (
				39A884401D9588D4006E5BCC /* dangkykhambenhTests.swift in Sources */,
			);
			runOnlyForDeploymentPostprocessing = 0;
		};
		39A884421D9588D4006E5BCC /* Sources */ = {
			isa = PBXSourcesBuildPhase;
			buildActionMask = 2147483647;
			files = (
				39A8844B1D9588D4006E5BCC /* dangkykhambenhUITests.swift in Sources */,
			);
			runOnlyForDeploymentPostprocessing = 0;
		};
/* End PBXSourcesBuildPhase section */

/* Begin PBXTargetDependency section */
		39A8843D1D9588D4006E5BCC /* PBXTargetDependency */ = {
			isa = PBXTargetDependency;
			target = 39A884231D9588D3006E5BCC /* dangkykhambenh */;
			targetProxy = 39A8843C1D9588D4006E5BCC /* PBXContainerItemProxy */;
		};
		39A884481D9588D4006E5BCC /* PBXTargetDependency */ = {
			isa = PBXTargetDependency;
			target = 39A884231D9588D3006E5BCC /* dangkykhambenh */;
			targetProxy = 39A884471D9588D4006E5BCC /* PBXContainerItemProxy */;
		};
/* End PBXTargetDependency section */

/* Begin PBXVariantGroup section */
		39A8842B1D9588D3006E5BCC /* Main.storyboard */ = {
			isa = PBXVariantGroup;
			children = (
				39A8842C1D9588D3006E5BCC /* Base */,
			);
			name = Main.storyboard;
			sourceTree = "<group>";
		};
		39A884331D9588D3006E5BCC /* LaunchScreen.storyboard */ = {
			isa = PBXVariantGroup;
			children = (
				39A884341D9588D3006E5BCC /* Base */,
			);
			name = LaunchScreen.storyboard;
			sourceTree = "<group>";
		};
/* End PBXVariantGroup section */

/* Begin XCBuildConfiguration section */
		39A8844D1D9588D4006E5BCC /* Debug */ = {
			isa = XCBuildConfiguration;
			buildSettings = {
				ALWAYS_SEARCH_USER_PATHS = NO;
				CLANG_ANALYZER_NONNULL = YES;
				CLANG_CXX_LANGUAGE_STANDARD = "gnu++0x";
				CLANG_CXX_LIBRARY = "libc++";
				CLANG_ENABLE_MODULES = YES;
				CLANG_ENABLE_OBJC_ARC = YES;
				CLANG_WARN_BOOL_CONVERSION = YES;
				CLANG_WARN_CONSTANT_CONVERSION = YES;
				CLANG_WARN_DIRECT_OBJC_ISA_USAGE = YES_ERROR;
				CLANG_WARN_DOCUMENTATION_COMMENTS = YES;
				CLANG_WARN_EMPTY_BODY = YES;
				CLANG_WARN_ENUM_CONVERSION = YES;
				CLANG_WARN_INFINITE_RECURSION = YES;
				CLANG_WARN_INT_CONVERSION = YES;
				CLANG_WARN_OBJC_ROOT_CLASS = YES_ERROR;
				CLANG_WARN_SUSPICIOUS_MOVES = YES;
				CLANG_WARN_UNREACHABLE_CODE = YES;
				CLANG_WARN__DUPLICATE_METHOD_MATCH = YES;
				"CODE_SIGN_IDENTITY[sdk=iphoneos*]" = "iPhone Developer";
				COPY_PHASE_STRIP = NO;
				DEBUG_INFORMATION_FORMAT = dwarf;
				ENABLE_STRICT_OBJC_MSGSEND = YES;
				ENABLE_TESTABILITY = YES;
				GCC_C_LANGUAGE_STANDARD = gnu99;
				GCC_DYNAMIC_NO_PIC = NO;
				GCC_NO_COMMON_BLOCKS = YES;
				GCC_OPTIMIZATION_LEVEL = 0;
				GCC_PREPROCESSOR_DEFINITIONS = (
					"DEBUG=1",
					"$(inherited)",
				);
				GCC_WARN_64_TO_32_BIT_CONVERSION = YES;
				GCC_WARN_ABOUT_RETURN_TYPE = YES_ERROR;
				GCC_WARN_UNDECLARED_SELECTOR = YES;
				GCC_WARN_UNINITIALIZED_AUTOS = YES_AGGRESSIVE;
				GCC_WARN_UNUSED_FUNCTION = YES;
				GCC_WARN_UNUSED_VARIABLE = YES;
				IPHONEOS_DEPLOYMENT_TARGET = 9.0;
				MTL_ENABLE_DEBUG_INFO = YES;
				ONLY_ACTIVE_ARCH = YES;
				SDKROOT = iphoneos;
				SWIFT_ACTIVE_COMPILATION_CONDITIONS = DEBUG;
				SWIFT_OPTIMIZATION_LEVEL = "-Onone";
				TARGETED_DEVICE_FAMILY = "1,2";
			};
			name = Debug;
		};
		39A8844E1D9588D4006E5BCC /* Release */ = {
			isa = XCBuildConfiguration;
			buildSettings = {
				ALWAYS_SEARCH_USER_PATHS = NO;
				CLANG_ANALYZER_NONNULL = YES;
				CLANG_CXX_LANGUAGE_STANDARD = "gnu++0x";
				CLANG_CXX_LIBRARY = "libc++";
				CLANG_ENABLE_MODULES = YES;
				CLANG_ENABLE_OBJC_ARC = YES;
				CLANG_WARN_BOOL_CONVERSION = YES;
				CLANG_WARN_CONSTANT_CONVERSION = YES;
				CLANG_WARN_DIRECT_OBJC_ISA_USAGE = YES_ERROR;
				CLANG_WARN_DOCUMENTATION_COMMENTS = YES;
				CLANG_WARN_EMPTY_BODY = YES;
				CLANG_WARN_ENUM_CONVERSION = YES;
				CLANG_WARN_INFINITE_RECURSION = YES;
				CLANG_WARN_INT_CONVERSION = YES;
				CLANG_WARN_OBJC_ROOT_CLASS = YES_ERROR;
				CLANG_WARN_SUSPICIOUS_MOVES = YES;
				CLANG_WARN_UNREACHABLE_CODE = YES;
				CLANG_WARN__DUPLICATE_METHOD_MATCH = YES;
				"CODE_SIGN_IDENTITY[sdk=iphoneos*]" = "iPhone Developer";
				COPY_PHASE_STRIP = NO;
				DEBUG_INFORMATION_FORMAT = "dwarf-with-dsym";
				ENABLE_NS_ASSERTIONS = NO;
				ENABLE_STRICT_OBJC_MSGSEND = YES;
				GCC_C_LANGUAGE_STANDARD = gnu99;
				GCC_NO_COMMON_BLOCKS = YES;
				GCC_WARN_64_TO_32_BIT_CONVERSION = YES;
				GCC_WARN_ABOUT_RETURN_TYPE = YES_ERROR;
				GCC_WARN_UNDECLARED_SELECTOR = YES;
				GCC_WARN_UNINITIALIZED_AUTOS = YES_AGGRESSIVE;
				GCC_WARN_UNUSED_FUNCTION = YES;
				GCC_WARN_UNUSED_VARIABLE = YES;
				IPHONEOS_DEPLOYMENT_TARGET = 9.0;
				MTL_ENABLE_DEBUG_INFO = NO;
				SDKROOT = iphoneos;
				SWIFT_OPTIMIZATION_LEVEL = "-Owholemodule";
				TARGETED_DEVICE_FAMILY = "1,2";
				VALIDATE_PRODUCT = YES;
			};
			name = Release;
		};
		39A884501D9588D4006E5BCC /* Debug */ = {
			isa = XCBuildConfiguration;
			baseConfigurationReference = ADBC2F1089A8E1838A43548F /* Pods-dangkykhambenh.debug.xcconfig */;
			buildSettings = {
				ASSETCATALOG_COMPILER_APPICON_NAME = AppIcon;
				CLANG_ENABLE_MODULES = YES;
				CODE_SIGN_ENTITLEMENTS = dangkykhambenh/dangkykhambenh.entitlements;
				DEVELOPMENT_TEAM = 476S9FM8QG;
				INFOPLIST_FILE = dangkykhambenh/Info.plist;
				IPHONEOS_DEPLOYMENT_TARGET = 9.0;
				LD_RUNPATH_SEARCH_PATHS = "$(inherited) @executable_path/Frameworks";
				PRODUCT_BUNDLE_IDENTIFIER = com.tamdang.dangkykhambenh;
				PRODUCT_NAME = "$(TARGET_NAME)";
				SWIFT_OPTIMIZATION_LEVEL = "-Onone";
				SWIFT_VERSION = 3.0;
			};
			name = Debug;
		};
		39A884511D9588D4006E5BCC /* Release */ = {
			isa = XCBuildConfiguration;
			baseConfigurationReference = D9541317AD1C06597D45A506 /* Pods-dangkykhambenh.release.xcconfig */;
			buildSettings = {
				ASSETCATALOG_COMPILER_APPICON_NAME = AppIcon;
				CLANG_ENABLE_MODULES = YES;
				CODE_SIGN_ENTITLEMENTS = dangkykhambenh/dangkykhambenh.entitlements;
				DEVELOPMENT_TEAM = 476S9FM8QG;
				INFOPLIST_FILE = dangkykhambenh/Info.plist;
				IPHONEOS_DEPLOYMENT_TARGET = 9.0;
				LD_RUNPATH_SEARCH_PATHS = "$(inherited) @executable_path/Frameworks";
				PRODUCT_BUNDLE_IDENTIFIER = com.tamdang.dangkykhambenh;
				PRODUCT_NAME = "$(TARGET_NAME)";
				SWIFT_OBJC_BRIDGING_HEADER = "dangkykhambenh/dangkykhambenh-Bridging-Header.h";
				SWIFT_VERSION = 3.0;
			};
			name = Release;
		};
		39A884531D9588D4006E5BCC /* Debug */ = {
			isa = XCBuildConfiguration;
			buildSettings = {
				ALWAYS_EMBED_SWIFT_STANDARD_LIBRARIES = YES;
				BUNDLE_LOADER = "$(TEST_HOST)";
				DEVELOPMENT_TEAM = 476S9FM8QG;
				INFOPLIST_FILE = dangkykhambenhTests/Info.plist;
				LD_RUNPATH_SEARCH_PATHS = "$(inherited) @executable_path/Frameworks @loader_path/Frameworks";
				PRODUCT_BUNDLE_IDENTIFIER = com.tamdang.dangkykhambenhTests;
				PRODUCT_NAME = "$(TARGET_NAME)";
				SWIFT_VERSION = 3.0;
				TEST_HOST = "$(BUILT_PRODUCTS_DIR)/dangkykhambenh.app/dangkykhambenh";
			};
			name = Debug;
		};
		39A884541D9588D4006E5BCC /* Release */ = {
			isa = XCBuildConfiguration;
			buildSettings = {
				ALWAYS_EMBED_SWIFT_STANDARD_LIBRARIES = YES;
				BUNDLE_LOADER = "$(TEST_HOST)";
				DEVELOPMENT_TEAM = 476S9FM8QG;
				INFOPLIST_FILE = dangkykhambenhTests/Info.plist;
				LD_RUNPATH_SEARCH_PATHS = "$(inherited) @executable_path/Frameworks @loader_path/Frameworks";
				PRODUCT_BUNDLE_IDENTIFIER = com.tamdang.dangkykhambenhTests;
				PRODUCT_NAME = "$(TARGET_NAME)";
				SWIFT_VERSION = 3.0;
				TEST_HOST = "$(BUILT_PRODUCTS_DIR)/dangkykhambenh.app/dangkykhambenh";
			};
			name = Release;
		};
		39A884561D9588D4006E5BCC /* Debug */ = {
			isa = XCBuildConfiguration;
			buildSettings = {
				ALWAYS_EMBED_SWIFT_STANDARD_LIBRARIES = YES;
				DEVELOPMENT_TEAM = 476S9FM8QG;
				INFOPLIST_FILE = dangkykhambenhUITests/Info.plist;
				LD_RUNPATH_SEARCH_PATHS = "$(inherited) @executable_path/Frameworks @loader_path/Frameworks";
				PRODUCT_BUNDLE_IDENTIFIER = com.tamdang.dangkykhambenhUITests;
				PRODUCT_NAME = "$(TARGET_NAME)";
				SWIFT_VERSION = 3.0;
				TEST_TARGET_NAME = dangkykhambenh;
			};
			name = Debug;
		};
		39A884571D9588D4006E5BCC /* Release */ = {
			isa = XCBuildConfiguration;
			buildSettings = {
				ALWAYS_EMBED_SWIFT_STANDARD_LIBRARIES = YES;
				DEVELOPMENT_TEAM = 476S9FM8QG;
				INFOPLIST_FILE = dangkykhambenhUITests/Info.plist;
				LD_RUNPATH_SEARCH_PATHS = "$(inherited) @executable_path/Frameworks @loader_path/Frameworks";
				PRODUCT_BUNDLE_IDENTIFIER = com.tamdang.dangkykhambenhUITests;
				PRODUCT_NAME = "$(TARGET_NAME)";
				SWIFT_VERSION = 3.0;
				TEST_TARGET_NAME = dangkykhambenh;
			};
			name = Release;
		};
/* End XCBuildConfiguration section */

/* Begin XCConfigurationList section */
		39A8841F1D9588D3006E5BCC /* Build configuration list for PBXProject "dangkykhambenh" */ = {
			isa = XCConfigurationList;
			buildConfigurations = (
				39A8844D1D9588D4006E5BCC /* Debug */,
				39A8844E1D9588D4006E5BCC /* Release */,
			);
			defaultConfigurationIsVisible = 0;
			defaultConfigurationName = Release;
		};
		39A8844F1D9588D4006E5BCC /* Build configuration list for PBXNativeTarget "dangkykhambenh" */ = {
			isa = XCConfigurationList;
			buildConfigurations = (
				39A884501D9588D4006E5BCC /* Debug */,
				39A884511D9588D4006E5BCC /* Release */,
			);
			defaultConfigurationIsVisible = 0;
			defaultConfigurationName = Release;
		};
		39A884521D9588D4006E5BCC /* Build configuration list for PBXNativeTarget "dangkykhambenhTests" */ = {
			isa = XCConfigurationList;
			buildConfigurations = (
				39A884531D9588D4006E5BCC /* Debug */,
				39A884541D9588D4006E5BCC /* Release */,
			);
			defaultConfigurationIsVisible = 0;
			defaultConfigurationName = Release;
		};
		39A884551D9588D4006E5BCC /* Build configuration list for PBXNativeTarget "dangkykhambenhUITests" */ = {
			isa = XCConfigurationList;
			buildConfigurations = (
				39A884561D9588D4006E5BCC /* Debug */,
				39A884571D9588D4006E5BCC /* Release */,
			);
			defaultConfigurationIsVisible = 0;
			defaultConfigurationName = Release;
		};
/* End XCConfigurationList section */

/* Begin XCVersionGroup section */
		39A8842E1D9588D3006E5BCC /* dangkykhambenh.xcdatamodeld */ = {
			isa = XCVersionGroup;
			children = (
				39A8842F1D9588D3006E5BCC /* dangkykhambenh.xcdatamodel */,
			);
			currentVersion = 39A8842F1D9588D3006E5BCC /* dangkykhambenh.xcdatamodel */;
			path = dangkykhambenh.xcdatamodeld;
			sourceTree = "<group>";
			versionGroupType = wrapper.xcdatamodel;
		};
/* End XCVersionGroup section */
	};
	rootObject = 39A8841C1D9588D3006E5BCC /* Project object */;
}
